// !$*UTF8*$!
{
	archiveVersion = 1;
	classes = {
	};
	objectVersion = 50;
	objects = {

/* Begin PBXBuildFile section */
		4F49DB832428907D009161E5 /* AppDelegate.swift in Sources */ = {isa = PBXBuildFile; fileRef = 4F49DB822428907D009161E5 /* AppDelegate.swift */; };
		4F49DB852428907D009161E5 /* SceneDelegate.swift in Sources */ = {isa = PBXBuildFile; fileRef = 4F49DB842428907D009161E5 /* SceneDelegate.swift */; };
		4F49DB872428907E009161E5 /* ViewController.swift in Sources */ = {isa = PBXBuildFile; fileRef = 4F49DB862428907D009161E5 /* ViewController.swift */; };
		4F49DB8A2428907E009161E5 /* Main.storyboard in Resources */ = {isa = PBXBuildFile; fileRef = 4F49DB882428907E009161E5 /* Main.storyboard */; };
		4F49DB8C2428907E009161E5 /* Assets.xcassets in Resources */ = {isa = PBXBuildFile; fileRef = 4F49DB8B2428907E009161E5 /* Assets.xcassets */; };
		4F49DB8F2428907E009161E5 /* LaunchScreen.storyboard in Resources */ = {isa = PBXBuildFile; fileRef = 4F49DB8D2428907E009161E5 /* LaunchScreen.storyboard */; };
		4F49DB9A2428907E009161E5 /* Data_GalleryTests.swift in Sources */ = {isa = PBXBuildFile; fileRef = 4F49DB992428907E009161E5 /* Data_GalleryTests.swift */; };
		4F49DBA52428907F009161E5 /* Data_GalleryUITests.swift in Sources */ = {isa = PBXBuildFile; fileRef = 4F49DBA42428907F009161E5 /* Data_GalleryUITests.swift */; };
/* End PBXBuildFile section */

/* Begin PBXContainerItemProxy section */
		4F49DB962428907E009161E5 /* PBXContainerItemProxy */ = {
			isa = PBXContainerItemProxy;
			containerPortal = 4F49DB772428907D009161E5 /* Project object */;
			proxyType = 1;
			remoteGlobalIDString = 4F49DB7E2428907D009161E5;
			remoteInfo = "Data Gallery";
		};
		4F49DBA12428907F009161E5 /* PBXContainerItemProxy */ = {
			isa = PBXContainerItemProxy;
			containerPortal = 4F49DB772428907D009161E5 /* Project object */;
			proxyType = 1;
			remoteGlobalIDString = 4F49DB7E2428907D009161E5;
			remoteInfo = "Data Gallery";
		};
/* End PBXContainerItemProxy section */

/* Begin PBXFileReference section */
		4F49DB7F2428907D009161E5 /* Data Gallery.app */ = {isa = PBXFileReference; explicitFileType = wrapper.application; includeInIndex = 0; path = "Data Gallery.app"; sourceTree = BUILT_PRODUCTS_DIR; };
		4F49DB822428907D009161E5 /* AppDelegate.swift */ = {isa = PBXFileReference; lastKnownFileType = sourcecode.swift; path = AppDelegate.swift; sourceTree = "<group>"; };
		4F49DB842428907D009161E5 /* SceneDelegate.swift */ = {isa = PBXFileReference; lastKnownFileType = sourcecode.swift; path = SceneDelegate.swift; sourceTree = "<group>"; };
		4F49DB862428907D009161E5 /* ViewController.swift */ = {isa = PBXFileReference; lastKnownFileType = sourcecode.swift; path = ViewController.swift; sourceTree = "<group>"; };
		4F49DB892428907E009161E5 /* Base */ = {isa = PBXFileReference; lastKnownFileType = file.storyboard; name = Base; path = Base.lproj/Main.storyboard; sourceTree = "<group>"; };
		4F49DB8B2428907E009161E5 /* Assets.xcassets */ = {isa = PBXFileReference; lastKnownFileType = folder.assetcatalog; path = Assets.xcassets; sourceTree = "<group>"; };
		4F49DB8E2428907E009161E5 /* Base */ = {isa = PBXFileReference; lastKnownFileType = file.storyboard; name = Base; path = Base.lproj/LaunchScreen.storyboard; sourceTree = "<group>"; };
		4F49DB902428907E009161E5 /* Info.plist */ = {isa = PBXFileReference; lastKnownFileType = text.plist.xml; path = Info.plist; sourceTree = "<group>"; };
		4F49DB952428907E009161E5 /* Data GalleryTests.xctest */ = {isa = PBXFileReference; explicitFileType = wrapper.cfbundle; includeInIndex = 0; path = "Data GalleryTests.xctest"; sourceTree = BUILT_PRODUCTS_DIR; };
		4F49DB992428907E009161E5 /* Data_GalleryTests.swift */ = {isa = PBXFileReference; lastKnownFileType = sourcecode.swift; path = Data_GalleryTests.swift; sourceTree = "<group>"; };
		4F49DB9B2428907E009161E5 /* Info.plist */ = {isa = PBXFileReference; lastKnownFileType = text.plist.xml; path = Info.plist; sourceTree = "<group>"; };
		4F49DBA02428907F009161E5 /* Data GalleryUITests.xctest */ = {isa = PBXFileReference; explicitFileType = wrapper.cfbundle; includeInIndex = 0; path = "Data GalleryUITests.xctest"; sourceTree = BUILT_PRODUCTS_DIR; };
		4F49DBA42428907F009161E5 /* Data_GalleryUITests.swift */ = {isa = PBXFileReference; lastKnownFileType = sourcecode.swift; path = Data_GalleryUITests.swift; sourceTree = "<group>"; };
		4F49DBA62428907F009161E5 /* Info.plist */ = {isa = PBXFileReference; lastKnownFileType = text.plist.xml; path = Info.plist; sourceTree = "<group>"; };
/* End PBXFileReference section */

/* Begin PBXFrameworksBuildPhase section */
		4F49DB7C2428907D009161E5 /* Frameworks */ = {
			isa = PBXFrameworksBuildPhase;
			buildActionMask = 2147483647;
			files = (
			);
			runOnlyForDeploymentPostprocessing = 0;
		};
		4F49DB922428907E009161E5 /* Frameworks */ = {
			isa = PBXFrameworksBuildPhase;
			buildActionMask = 2147483647;
			files = (
			);
			runOnlyForDeploymentPostprocessing = 0;
		};
		4F49DB9D2428907F009161E5 /* Frameworks */ = {
			isa = PBXFrameworksBuildPhase;
			buildActionMask = 2147483647;
			files = (
			);
			runOnlyForDeploymentPostprocessing = 0;
		};
/* End PBXFrameworksBuildPhase section */

/* Begin PBXGroup section */
		4F49DB762428907D009161E5 = {
			isa = PBXGroup;
			children = (
				4F49DB812428907D009161E5 /* Data Gallery */,
				4F49DB982428907E009161E5 /* Data GalleryTests */,
				4F49DBA32428907F009161E5 /* Data GalleryUITests */,
				4F49DB802428907D009161E5 /* Products */,
			);
			sourceTree = "<group>";
		};
		4F49DB802428907D009161E5 /* Products */ = {
			isa = PBXGroup;
			children = (
				4F49DB7F2428907D009161E5 /* Data Gallery.app */,
				4F49DB952428907E009161E5 /* Data GalleryTests.xctest */,
				4F49DBA02428907F009161E5 /* Data GalleryUITests.xctest */,
			);
			name = Products;
			sourceTree = "<group>";
		};
		4F49DB812428907D009161E5 /* Data Gallery */ = {
			isa = PBXGroup;
			children = (
				4F49DB822428907D009161E5 /* AppDelegate.swift */,
				4F49DB842428907D009161E5 /* SceneDelegate.swift */,
				4F49DB862428907D009161E5 /* ViewController.swift */,
				4F49DB882428907E009161E5 /* Main.storyboard */,
				4F49DB8B2428907E009161E5 /* Assets.xcassets */,
				4F49DB8D2428907E009161E5 /* LaunchScreen.storyboard */,
				4F49DB902428907E009161E5 /* Info.plist */,
			);
			path = "Data Gallery";
			sourceTree = "<group>";
		};
		4F49DB982428907E009161E5 /* Data GalleryTests */ = {
			isa = PBXGroup;
			children = (
				4F49DB992428907E009161E5 /* Data_GalleryTests.swift */,
				4F49DB9B2428907E009161E5 /* Info.plist */,
			);
			path = "Data GalleryTests";
			sourceTree = "<group>";
		};
		4F49DBA32428907F009161E5 /* Data GalleryUITests */ = {
			isa = PBXGroup;
			children = (
				4F49DBA42428907F009161E5 /* Data_GalleryUITests.swift */,
				4F49DBA62428907F009161E5 /* Info.plist */,
			);
			path = "Data GalleryUITests";
			sourceTree = "<group>";
		};
/* End PBXGroup section */

/* Begin PBXNativeTarget section */
		4F49DB7E2428907D009161E5 /* Data Gallery */ = {
			isa = PBXNativeTarget;
			buildConfigurationList = 4F49DBA92428907F009161E5 /* Build configuration list for PBXNativeTarget "Data Gallery" */;
			buildPhases = (
				4F49DB7B2428907D009161E5 /* Sources */,
				4F49DB7C2428907D009161E5 /* Frameworks */,
				4F49DB7D2428907D009161E5 /* Resources */,
			);
			buildRules = (
			);
			dependencies = (
			);
			name = "Data Gallery";
			productName = "Data Gallery";
			productReference = 4F49DB7F2428907D009161E5 /* Data Gallery.app */;
			productType = "com.apple.product-type.application";
		};
		4F49DB942428907E009161E5 /* Data GalleryTests */ = {
			isa = PBXNativeTarget;
			buildConfigurationList = 4F49DBAC2428907F009161E5 /* Build configuration list for PBXNativeTarget "Data GalleryTests" */;
			buildPhases = (
				4F49DB912428907E009161E5 /* Sources */,
				4F49DB922428907E009161E5 /* Frameworks */,
				4F49DB932428907E009161E5 /* Resources */,
			);
			buildRules = (
			);
			dependencies = (
				4F49DB972428907E009161E5 /* PBXTargetDependency */,
			);
			name = "Data GalleryTests";
			productName = "Data GalleryTests";
			productReference = 4F49DB952428907E009161E5 /* Data GalleryTests.xctest */;
			productType = "com.apple.product-type.bundle.unit-test";
		};
		4F49DB9F2428907F009161E5 /* Data GalleryUITests */ = {
			isa = PBXNativeTarget;
			buildConfigurationList = 4F49DBAF2428907F009161E5 /* Build configuration list for PBXNativeTarget "Data GalleryUITests" */;
			buildPhases = (
				4F49DB9C2428907F009161E5 /* Sources */,
				4F49DB9D2428907F009161E5 /* Frameworks */,
				4F49DB9E2428907F009161E5 /* Resources */,
			);
			buildRules = (
			);
			dependencies = (
				4F49DBA22428907F009161E5 /* PBXTargetDependency */,
			);
			name = "Data GalleryUITests";
			productName = "Data GalleryUITests";
			productReference = 4F49DBA02428907F009161E5 /* Data GalleryUITests.xctest */;
			productType = "com.apple.product-type.bundle.ui-testing";
		};
/* End PBXNativeTarget section */

/* Begin PBXProject section */
		4F49DB772428907D009161E5 /* Project object */ = {
			isa = PBXProject;
			attributes = {
				LastSwiftUpdateCheck = 1130;
				LastUpgradeCheck = 1130;
				ORGANIZATIONNAME = "Fazle Rabbi Linkon";
				TargetAttributes = {
					4F49DB7E2428907D009161E5 = {
						CreatedOnToolsVersion = 11.3.1;
					};
					4F49DB942428907E009161E5 = {
						CreatedOnToolsVersion = 11.3.1;
						TestTargetID = 4F49DB7E2428907D009161E5;
					};
					4F49DB9F2428907F009161E5 = {
						CreatedOnToolsVersion = 11.3.1;
						TestTargetID = 4F49DB7E2428907D009161E5;
					};
				};
			};
			buildConfigurationList = 4F49DB7A2428907D009161E5 /* Build configuration list for PBXProject "Data Gallery" */;
			compatibilityVersion = "Xcode 9.3";
			developmentRegion = en;
			hasScannedForEncodings = 0;
			knownRegions = (
				en,
				Base,
			);
			mainGroup = 4F49DB762428907D009161E5;
			productRefGroup = 4F49DB802428907D009161E5 /* Products */;
			projectDirPath = "";
			projectRoot = "";
			targets = (
				4F49DB7E2428907D009161E5 /* Data Gallery */,
				4F49DB942428907E009161E5 /* Data GalleryTests */,
				4F49DB9F2428907F009161E5 /* Data GalleryUITests */,
			);
		};
/* End PBXProject section */

/* Begin PBXResourcesBuildPhase section */
		4F49DB7D2428907D009161E5 /* Resources */ = {
			isa = PBXResourcesBuildPhase;
			buildActionMask = 2147483647;
			files = (
				4F49DB8F2428907E009161E5 /* LaunchScreen.storyboard in Resources */,
				4F49DB8C2428907E009161E5 /* Assets.xcassets in Resources */,
				4F49DB8A2428907E009161E5 /* Main.storyboard in Resources */,
			);
			runOnlyForDeploymentPostprocessing = 0;
		};
		4F49DB932428907E009161E5 /* Resources */ = {
			isa = PBXResourcesBuildPhase;
			buildActionMask = 2147483647;
			files = (
			);
			runOnlyForDeploymentPostprocessing = 0;
		};
		4F49DB9E2428907F009161E5 /* Resources */ = {
			isa = PBXResourcesBuildPhase;
			buildActionMask = 2147483647;
			files = (
			);
			runOnlyForDeploymentPostprocessing = 0;
		};
/* End PBXResourcesBuildPhase section */

/* Begin PBXSourcesBuildPhase section */
		4F49DB7B2428907D009161E5 /* Sources */ = {
			isa = PBXSourcesBuildPhase;
			buildActionMask = 2147483647;
			files = (
				4F49DB872428907E009161E5 /* ViewController.swift in Sources */,
				4F49DB832428907D009161E5 /* AppDelegate.swift in Sources */,
				4F49DB852428907D009161E5 /* SceneDelegate.swift in Sources */,
			);
			runOnlyForDeploymentPostprocessing = 0;
		};
		4F49DB912428907E009161E5 /* Sources */ = {
			isa = PBXSourcesBuildPhase;
			buildActionMask = 2147483647;
			files = (
				4F49DB9A2428907E009161E5 /* Data_GalleryTests.swift in Sources */,
			);
			runOnlyForDeploymentPostprocessing = 0;
		};
		4F49DB9C2428907F009161E5 /* Sources */ = {
			isa = PBXSourcesBuildPhase;
			buildActionMask = 2147483647;
			files = (
				4F49DBA52428907F009161E5 /* Data_GalleryUITests.swift in Sources */,
			);
			runOnlyForDeploymentPostprocessing = 0;
		};
/* End PBXSourcesBuildPhase section */

/* Begin PBXTargetDependency section */
		4F49DB972428907E009161E5 /* PBXTargetDependency */ = {
			isa = PBXTargetDependency;
			target = 4F49DB7E2428907D009161E5 /* Data Gallery */;
			targetProxy = 4F49DB962428907E009161E5 /* PBXContainerItemProxy */;
		};
		4F49DBA22428907F009161E5 /* PBXTargetDependency */ = {
			isa = PBXTargetDependency;
			target = 4F49DB7E2428907D009161E5 /* Data Gallery */;
			targetProxy = 4F49DBA12428907F009161E5 /* PBXContainerItemProxy */;
		};
/* End PBXTargetDependency section */

/* Begin PBXVariantGroup section */
		4F49DB882428907E009161E5 /* Main.storyboard */ = {
			isa = PBXVariantGroup;
			children = (
				4F49DB892428907E009161E5 /* Base */,
			);
			name = Main.storyboard;
			sourceTree = "<group>";
		};
		4F49DB8D2428907E009161E5 /* LaunchScreen.storyboard */ = {
			isa = PBXVariantGroup;
			children = (
				4F49DB8E2428907E009161E5 /* Base */,
			);
			name = LaunchScreen.storyboard;
			sourceTree = "<group>";
		};
/* End PBXVariantGroup section */

/* Begin XCBuildConfiguration section */
		4F49DBA72428907F009161E5 /* Debug */ = {
			isa = XCBuildConfiguration;
			buildSettings = {
				ALWAYS_SEARCH_USER_PATHS = NO;
				CLANG_ANALYZER_NONNULL = YES;
				CLANG_ANALYZER_NUMBER_OBJECT_CONVERSION = YES_AGGRESSIVE;
				CLANG_CXX_LANGUAGE_STANDARD = "gnu++14";
				CLANG_CXX_LIBRARY = "libc++";
				CLANG_ENABLE_MODULES = YES;
				CLANG_ENABLE_OBJC_ARC = YES;
				CLANG_ENABLE_OBJC_WEAK = YES;
				CLANG_WARN_BLOCK_CAPTURE_AUTORELEASING = YES;
				CLANG_WARN_BOOL_CONVERSION = YES;
				CLANG_WARN_COMMA = YES;
				CLANG_WARN_CONSTANT_CONVERSION = YES;
				CLANG_WARN_DEPRECATED_OBJC_IMPLEMENTATIONS = YES;
				CLANG_WARN_DIRECT_OBJC_ISA_USAGE = YES_ERROR;
				CLANG_WARN_DOCUMENTATION_COMMENTS = YES;
				CLANG_WARN_EMPTY_BODY = YES;
				CLANG_WARN_ENUM_CONVERSION = YES;
				CLANG_WARN_INFINITE_RECURSION = YES;
				CLANG_WARN_INT_CONVERSION = YES;
				CLANG_WARN_NON_LITERAL_NULL_CONVERSION = YES;
				CLANG_WARN_OBJC_IMPLICIT_RETAIN_SELF = YES;
				CLANG_WARN_OBJC_LITERAL_CONVERSION = YES;
				CLANG_WARN_OBJC_ROOT_CLASS = YES_ERROR;
				CLANG_WARN_RANGE_LOOP_ANALYSIS = YES;
				CLANG_WARN_STRICT_PROTOTYPES = YES;
				CLANG_WARN_SUSPICIOUS_MOVE = YES;
				CLANG_WARN_UNGUARDED_AVAILABILITY = YES_AGGRESSIVE;
				CLANG_WARN_UNREACHABLE_CODE = YES;
				CLANG_WARN__DUPLICATE_METHOD_MATCH = YES;
				COPY_PHASE_STRIP = NO;
				DEBUG_INFORMATION_FORMAT = dwarf;
				ENABLE_STRICT_OBJC_MSGSEND = YES;
				ENABLE_TESTABILITY = YES;
				GCC_C_LANGUAGE_STANDARD = gnu11;
				GCC_DYNAMIC_NO_PIC = NO;
				GCC_NO_COMMON_BLOCKS = YES;
				GCC_OPTIMIZATION_LEVEL = 0;
				GCC_PREPROCESSOR_DEFINITIONS = (
					"DEBUG=1",
					"$(inherited)",
				);
				GCC_WARN_64_TO_32_BIT_CONVERSION = YES;
				GCC_WARN_ABOUT_RETURN_TYPE = YES_ERROR;
				GCC_WARN_UNDECLARED_SELECTOR = YES;
				GCC_WARN_UNINITIALIZED_AUTOS = YES_AGGRESSIVE;
				GCC_WARN_UNUSED_FUNCTION = YES;
				GCC_WARN_UNUSED_VARIABLE = YES;
				IPHONEOS_DEPLOYMENT_TARGET = 13.2;
				MTL_ENABLE_DEBUG_INFO = INCLUDE_SOURCE;
				MTL_FAST_MATH = YES;
				ONLY_ACTIVE_ARCH = YES;
				SDKROOT = iphoneos;
				SWIFT_ACTIVE_COMPILATION_CONDITIONS = DEBUG;
				SWIFT_OPTIMIZATION_LEVEL = "-Onone";
			};
			name = Debug;
		};
		4F49DBA82428907F009161E5 /* Release */ = {
			isa = XCBuildConfiguration;
			buildSettings = {
				ALWAYS_SEARCH_USER_PATHS = NO;
				CLANG_ANALYZER_NONNULL = YES;
				CLANG_ANALYZER_NUMBER_OBJECT_CONVERSION = YES_AGGRESSIVE;
				CLANG_CXX_LANGUAGE_STANDARD = "gnu++14";
				CLANG_CXX_LIBRARY = "libc++";
				CLANG_ENABLE_MODULES = YES;
				CLANG_ENABLE_OBJC_ARC = YES;
				CLANG_ENABLE_OBJC_WEAK = YES;
				CLANG_WARN_BLOCK_CAPTURE_AUTORELEASING = YES;
				CLANG_WARN_BOOL_CONVERSION = YES;
				CLANG_WARN_COMMA = YES;
				CLANG_WARN_CONSTANT_CONVERSION = YES;
				CLANG_WARN_DEPRECATED_OBJC_IMPLEMENTATIONS = YES;
				CLANG_WARN_DIRECT_OBJC_ISA_USAGE = YES_ERROR;
				CLANG_WARN_DOCUMENTATION_COMMENTS = YES;
				CLANG_WARN_EMPTY_BODY = YES;
				CLANG_WARN_ENUM_CONVERSION = YES;
				CLANG_WARN_INFINITE_RECURSION = YES;
				CLANG_WARN_INT_CONVERSION = YES;
				CLANG_WARN_NON_LITERAL_NULL_CONVERSION = YES;
				CLANG_WARN_OBJC_IMPLICIT_RETAIN_SELF = YES;
				CLANG_WARN_OBJC_LITERAL_CONVERSION = YES;
				CLANG_WARN_OBJC_ROOT_CLASS = YES_ERROR;
				CLANG_WARN_RANGE_LOOP_ANALYSIS = YES;
				CLANG_WARN_STRICT_PROTOTYPES = YES;
				CLANG_WARN_SUSPICIOUS_MOVE = YES;
				CLANG_WARN_UNGUARDED_AVAILABILITY = YES_AGGRESSIVE;
				CLANG_WARN_UNREACHABLE_CODE = YES;
				CLANG_WARN__DUPLICATE_METHOD_MATCH = YES;
				COPY_PHASE_STRIP = NO;
				DEBUG_INFORMATION_FORMAT = "dwarf-with-dsym";
				ENABLE_NS_ASSERTIONS = NO;
				ENABLE_STRICT_OBJC_MSGSEND = YES;
				GCC_C_LANGUAGE_STANDARD = gnu11;
				GCC_NO_COMMON_BLOCKS = YES;
				GCC_WARN_64_TO_32_BIT_CONVERSION = YES;
				GCC_WARN_ABOUT_RETURN_TYPE = YES_ERROR;
				GCC_WARN_UNDECLARED_SELECTOR = YES;
				GCC_WARN_UNINITIALIZED_AUTOS = YES_AGGRESSIVE;
				GCC_WARN_UNUSED_FUNCTION = YES;
				GCC_WARN_UNUSED_VARIABLE = YES;
				IPHONEOS_DEPLOYMENT_TARGET = 13.2;
				MTL_ENABLE_DEBUG_INFO = NO;
				MTL_FAST_MATH = YES;
				SDKROOT = iphoneos;
				SWIFT_COMPILATION_MODE = wholemodule;
				SWIFT_OPTIMIZATION_LEVEL = "-O";
				VALIDATE_PRODUCT = YES;
			};
			name = Release;
		};
		4F49DBAA2428907F009161E5 /* Debug */ = {
			isa = XCBuildConfiguration;
			buildSettings = {
				ASSETCATALOG_COMPILER_APPICON_NAME = AppIcon;
				CODE_SIGN_STYLE = Automatic;
				INFOPLIST_FILE = "Data Gallery/Info.plist";
				LD_RUNPATH_SEARCH_PATHS = (
					"$(inherited)",
					"@executable_path/Frameworks",
				);
				PRODUCT_BUNDLE_IDENTIFIER = "com.linkon.Data-Gallery";
				PRODUCT_NAME = "$(TARGET_NAME)";
				SWIFT_VERSION = 5.0;
				TARGETED_DEVICE_FAMILY = "1,2";
			};
			name = Debug;
		};
		4F49DBAB2428907F009161E5 /* Release */ = {
			isa = XCBuildConfiguration;
			buildSettings = {
				ASSETCATALOG_COMPILER_APPICON_NAME = AppIcon;
				CODE_SIGN_STYLE = Automatic;
				INFOPLIST_FILE = "Data Gallery/Info.plist";
				LD_RUNPATH_SEARCH_PATHS = (
					"$(inherited)",
					"@executable_path/Frameworks",
				);
				PRODUCT_BUNDLE_IDENTIFIER = "com.linkon.Data-Gallery";
				PRODUCT_NAME = "$(TARGET_NAME)";
				SWIFT_VERSION = 5.0;
				TARGETED_DEVICE_FAMILY = "1,2";
			};
			name = Release;
		};
		4F49DBAD2428907F009161E5 /* Debug */ = {
			isa = XCBuildConfiguration;
			buildSettings = {
				ALWAYS_EMBED_SWIFT_STANDARD_LIBRARIES = YES;
				BUNDLE_LOADER = "$(TEST_HOST)";
				CODE_SIGN_STYLE = Automatic;
				INFOPLIST_FILE = "Data GalleryTests/Info.plist";
				IPHONEOS_DEPLOYMENT_TARGET = 13.2;
				LD_RUNPATH_SEARCH_PATHS = (
					"$(inherited)",
					"@executable_path/Frameworks",
					"@loader_path/Frameworks",
				);
				PRODUCT_BUNDLE_IDENTIFIER = "com.linkon.Data-GalleryTests";
				PRODUCT_NAME = "$(TARGET_NAME)";
				SWIFT_VERSION = 5.0;
				TARGETED_DEVICE_FAMILY = "1,2";
				TEST_HOST = "$(BUILT_PRODUCTS_DIR)/Data Gallery.app/Data Gallery";
			};
			name = Debug;
		};
		4F49DBAE2428907F009161E5 /* Release */ = {
			isa = XCBuildConfiguration;
			buildSettings = {
				ALWAYS_EMBED_SWIFT_STANDARD_LIBRARIES = YES;
				BUNDLE_LOADER = "$(TEST_HOST)";
				CODE_SIGN_STYLE = Automatic;
				INFOPLIST_FILE = "Data GalleryTests/Info.plist";
				IPHONEOS_DEPLOYMENT_TARGET = 13.2;
				LD_RUNPATH_SEARCH_PATHS = (
					"$(inherited)",
					"@executable_path/Frameworks",
					"@loader_path/Frameworks",
				);
				PRODUCT_BUNDLE_IDENTIFIER = "com.linkon.Data-GalleryTests";
				PRODUCT_NAME = "$(TARGET_NAME)";
				SWIFT_VERSION = 5.0;
				TARGETED_DEVICE_FAMILY = "1,2";
				TEST_HOST = "$(BUILT_PRODUCTS_DIR)/Data Gallery.app/Data Gallery";
			};
			name = Release;
		};
		4F49DBB02428907F009161E5 /* Debug */ = {
			isa = XCBuildConfiguration;
			buildSettings = {
				ALWAYS_EMBED_SWIFT_STANDARD_LIBRARIES = YES;
				CODE_SIGN_STYLE = Automatic;
				INFOPLIST_FILE = "Data GalleryUITests/Info.plist";
				LD_RUNPATH_SEARCH_PATHS = (
					"$(inherited)",
					"@executable_path/Frameworks",
					"@loader_path/Frameworks",
				);
				PRODUCT_BUNDLE_IDENTIFIER = "com.linkon.Data-GalleryUITests";
				PRODUCT_NAME = "$(TARGET_NAME)";
				SWIFT_VERSION = 5.0;
				TARGETED_DEVICE_FAMILY = "1,2";
				TEST_TARGET_NAME = "Data Gallery";
			};
			name = Debug;
		};
		4F49DBB12428907F009161E5 /* Release */ = {
			isa = XCBuildConfiguration;
			buildSettings = {
				ALWAYS_EMBED_SWIFT_STANDARD_LIBRARIES = YES;
				CODE_SIGN_STYLE = Automatic;
				INFOPLIST_FILE = "Data GalleryUITests/Info.plist";
				LD_RUNPATH_SEARCH_PATHS = (
					"$(inherited)",
					"@executable_path/Frameworks",
					"@loader_path/Frameworks",
				);
				PRODUCT_BUNDLE_IDENTIFIER = "com.linkon.Data-GalleryUITests";
				PRODUCT_NAME = "$(TARGET_NAME)";
				SWIFT_VERSION = 5.0;
				TARGETED_DEVICE_FAMILY = "1,2";
				TEST_TARGET_NAME = "Data Gallery";
			};
			name = Release;
		};
/* End XCBuildConfiguration section */

/* Begin XCConfigurationList section */
		4F49DB7A2428907D009161E5 /* Build configuration list for PBXProject "Data Gallery" */ = {
			isa = XCConfigurationList;
			buildConfigurations = (
				4F49DBA72428907F009161E5 /* Debug */,
				4F49DBA82428907F009161E5 /* Release */,
			);
			defaultConfigurationIsVisible = 0;
			defaultConfigurationName = Release;
		};
		4F49DBA92428907F009161E5 /* Build configuration list for PBXNativeTarget "Data Gallery" */ = {
			isa = XCConfigurationList;
			buildConfigurations = (
				4F49DBAA2428907F009161E5 /* Debug */,
				4F49DBAB2428907F009161E5 /* Release */,
			);
			defaultConfigurationIsVisible = 0;
			defaultConfigurationName = Release;
		};
		4F49DBAC2428907F009161E5 /* Build configuration list for PBXNativeTarget "Data GalleryTests" */ = {
			isa = XCConfigurationList;
			buildConfigurations = (
				4F49DBAD2428907F009161E5 /* Debug */,
				4F49DBAE2428907F009161E5 /* Release */,
			);
			defaultConfigurationIsVisible = 0;
			defaultConfigurationName = Release;
		};
		4F49DBAF2428907F009161E5 /* Build configuration list for PBXNativeTarget "Data GalleryUITests" */ = {
			isa = XCConfigurationList;
			buildConfigurations = (
				4F49DBB02428907F009161E5 /* Debug */,
				4F49DBB12428907F009161E5 /* Release */,
			);
			defaultConfigurationIsVisible = 0;
			defaultConfigurationName = Release;
		};
/* End XCConfigurationList section */
	};
	rootObject = 4F49DB772428907D009161E5 /* Project object */;
}
